
Microsoft Visual Studio Solution File, Format Version 12.00
# Visual Studio 15
VisualStudioVersion = 15.0.28307.902
MinimumVisualStudioVersion = 10.0.40219.1
Project("{8BC9CEB8-8B4A-11D0-8D11-00A0C91BC942}") = "GameServer", "GameServer.vcxproj", "{6FD1C0C7-2728-468B-92F6-F660376533E6}"
EndProject
Project("{8BC9CEB8-8B4A-11D0-8D11-00A0C91BC942}") = "HttpServer", "..\http_server\HttpServer.vcxproj", "{0CD4E647-4586-43F9-93AF-77F2FECEFFF4}"
EndProject
Global
	GlobalSection(SolutionConfigurationPlatforms) = preSolution
		Debug|x64 = Debug|x64
		Debug|x86 = Debug|x86
		Release|x64 = Release|x64
		Release|x86 = Release|x86
	EndGlobalSection
	GlobalSection(ProjectConfigurationPlatforms) = postSolution
		{6FD1C0C7-2728-468B-92F6-F660376533E6}.Debug|x64.ActiveCfg = Debug|x64
		{6FD1C0C7-2728-468B-92F6-F660376533E6}.Debug|x64.Build.0 = Debug|x64
		{6FD1C0C7-2728-468B-92F6-F660376533E6}.Debug|x86.ActiveCfg = Debug|Win32
		{6FD1C0C7-2728-468B-92F6-F660376533E6}.Debug|x86.Build.0 = Debug|Win32
		{6FD1C0C7-2728-468B-92F6-F660376533E6}.Release|x64.ActiveCfg = Release|x64
		{6FD1C0C7-2728-468B-92F6-F660376533E6}.Release|x64.Build.0 = Release|x64
		{6FD1C0C7-2728-468B-92F6-F660376533E6}.Release|x86.ActiveCfg = Release|Win32
		{6FD1C0C7-2728-468B-92F6-F660376533E6}.Release|x86.Build.0 = Release|Win32
		{0CD4E647-4586-43F9-93AF-77F2FECEFFF4}.Debug|x64.ActiveCfg = Debug|x64
		{0CD4E647-4586-43F9-93AF-77F2FECEFFF4}.Debug|x64.Build.0 = Debug|x64
		{0CD4E647-4586-43F9-93AF-77F2FECEFFF4}.Debug|x86.ActiveCfg = Debug|Win32
		{0CD4E647-4586-43F9-93AF-77F2FECEFFF4}.Debug|x86.Build.0 = Debug|Win32
		{0CD4E647-4586-43F9-93AF-77F2FECEFFF4}.Release|x64.ActiveCfg = Release|x64
		{0CD4E647-4586-43F9-93AF-77F2FECEFFF4}.Release|x64.Build.0 = Release|x64
		{0CD4E647-4586-43F9-93AF-77F2FECEFFF4}.Release|x86.ActiveCfg = Release|Win32
		{0CD4E647-4586-43F9-93AF-77F2FECEFFF4}.Release|x86.Build.0 = Release|Win32
	EndGlobalSection
	GlobalSection(SolutionProperties) = preSolution
		HideSolutionNode = FALSE
	EndGlobalSection
	GlobalSection(ExtensibilityGlobals) = postSolution
		SolutionGuid = {3CC5B7A8-4CE4-417C-B7C3-9D9CE6666195}
	EndGlobalSection
EndGlobal
